# This file is automatically @generated by Cargo.
# It is not intended for manual editing.
[[package]]
name = "argument_parser"
version = "0.1.0"

[[package]]
name = "microgrep"
version = "0.1.0"
dependencies = [
 "argument_parser 0.1.0",
 "recursive_file_check 0.1.0",
]

[[package]]
name = "recursive_file_check"
version = "0.1.0"

